PODS:
  - boost-for-react-native (1.63.0)
  - BVLinearGradient (2.5.6):
    - React
  - DoubleConversion (1.1.6)
  - FBLazyVector (0.65.3)
  - FBReactNativeSpec (0.65.3):
    - RCT-Folly (= 2021.04.26.00)
    - RCTRequired (= 0.65.3)
    - RCTTypeSafety (= 0.65.3)
    - React-Core (= 0.65.3)
    - React-jsi (= 0.65.3)
    - ReactCommon/turbomodule/core (= 0.65.3)
  - fmt (6.2.1)
  - glog (0.3.5)
  - Permission-Camera (3.0.5):
    - RNPermissions
  - RCT-Folly (2021.04.26.00):
    - boost-for-react-native
    - DoubleConversion
    - fmt (~> 6.2.1)
    - glog
    - RCT-Folly/Default (= 2021.04.26.00)
  - RCT-Folly/Default (2021.04.26.00):
    - boost-for-react-native
    - DoubleConversion
    - fmt (~> 6.2.1)
    - glog
  - RCTRequired (0.65.3)
  - RCTTypeSafety (0.65.3):
    - FBLazyVector (= 0.65.3)
    - RCT-Folly (= 2021.04.26.00)
    - RCTRequired (= 0.65.3)
    - React-Core (= 0.65.3)
  - React (0.65.3):
    - React-Core (= 0.65.3)
    - React-Core/DevSupport (= 0.65.3)
    - React-Core/RCTWebSocket (= 0.65.3)
    - React-RCTActionSheet (= 0.65.3)
    - React-RCTAnimation (= 0.65.3)
    - React-RCTBlob (= 0.65.3)
    - React-RCTImage (= 0.65.3)
    - React-RCTLinking (= 0.65.3)
    - React-RCTNetwork (= 0.65.3)
    - React-RCTSettings (= 0.65.3)
    - React-RCTText (= 0.65.3)
    - React-RCTVibration (= 0.65.3)
  - React-callinvoker (0.65.3)
  - React-Core (0.65.3):
    - glog
    - RCT-Folly (= 2021.04.26.00)
    - React-Core/Default (= 0.65.3)
    - React-cxxreact (= 0.65.3)
    - React-jsi (= 0.65.3)
    - React-jsiexecutor (= 0.65.3)
    - React-perflogger (= 0.65.3)
    - Yoga
  - React-Core/CoreModulesHeaders (0.65.3):
    - glog
    - RCT-Folly (= 2021.04.26.00)
    - React-Core/Default
    - React-cxxreact (= 0.65.3)
    - React-jsi (= 0.65.3)
    - React-jsiexecutor (= 0.65.3)
    - React-perflogger (= 0.65.3)
    - Yoga
  - React-Core/Default (0.65.3):
    - glog
    - RCT-Folly (= 2021.04.26.00)
    - React-cxxreact (= 0.65.3)
    - React-jsi (= 0.65.3)
    - React-jsiexecutor (= 0.65.3)
    - React-perflogger (= 0.65.3)
    - Yoga
  - React-Core/DevSupport (0.65.3):
    - glog
    - RCT-Folly (= 2021.04.26.00)
    - React-Core/Default (= 0.65.3)
    - React-Core/RCTWebSocket (= 0.65.3)
    - React-cxxreact (= 0.65.3)
    - React-jsi (= 0.65.3)
    - React-jsiexecutor (= 0.65.3)
    - React-jsinspector (= 0.65.3)
    - React-perflogger (= 0.65.3)
    - Yoga
  - React-Core/RCTActionSheetHeaders (0.65.3):
    - glog
    - RCT-Folly (= 2021.04.26.00)
    - React-Core/Default
    - React-cxxreact (= 0.65.3)
    - React-jsi (= 0.65.3)
    - React-jsiexecutor (= 0.65.3)
    - React-perflogger (= 0.65.3)
    - Yoga
  - React-Core/RCTAnimationHeaders (0.65.3):
    - glog
    - RCT-Folly (= 2021.04.26.00)
    - React-Core/Default
    - React-cxxreact (= 0.65.3)
    - React-jsi (= 0.65.3)
    - React-jsiexecutor (= 0.65.3)
    - React-perflogger (= 0.65.3)
    - Yoga
  - React-Core/RCTBlobHeaders (0.65.3):
    - glog
    - RCT-Folly (= 2021.04.26.00)
    - React-Core/Default
    - React-cxxreact (= 0.65.3)
    - React-jsi (= 0.65.3)
    - React-jsiexecutor (= 0.65.3)
    - React-perflogger (= 0.65.3)
    - Yoga
  - React-Core/RCTImageHeaders (0.65.3):
    - glog
    - RCT-Folly (= 2021.04.26.00)
    - React-Core/Default
    - React-cxxreact (= 0.65.3)
    - React-jsi (= 0.65.3)
    - React-jsiexecutor (= 0.65.3)
    - React-perflogger (= 0.65.3)
    - Yoga
  - React-Core/RCTLinkingHeaders (0.65.3):
    - glog
    - RCT-Folly (= 2021.04.26.00)
    - React-Core/Default
    - React-cxxreact (= 0.65.3)
    - React-jsi (= 0.65.3)
    - React-jsiexecutor (= 0.65.3)
    - React-perflogger (= 0.65.3)
    - Yoga
  - React-Core/RCTNetworkHeaders (0.65.3):
    - glog
    - RCT-Folly (= 2021.04.26.00)
    - React-Core/Default
    - React-cxxreact (= 0.65.3)
    - React-jsi (= 0.65.3)
    - React-jsiexecutor (= 0.65.3)
    - React-perflogger (= 0.65.3)
    - Yoga
  - React-Core/RCTSettingsHeaders (0.65.3):
    - glog
    - RCT-Folly (= 2021.04.26.00)
    - React-Core/Default
    - React-cxxreact (= 0.65.3)
    - React-jsi (= 0.65.3)
    - React-jsiexecutor (= 0.65.3)
    - React-perflogger (= 0.65.3)
    - Yoga
  - React-Core/RCTTextHeaders (0.65.3):
    - glog
    - RCT-Folly (= 2021.04.26.00)
    - React-Core/Default
    - React-cxxreact (= 0.65.3)
    - React-jsi (= 0.65.3)
    - React-jsiexecutor (= 0.65.3)
    - React-perflogger (= 0.65.3)
    - Yoga
  - React-Core/RCTVibrationHeaders (0.65.3):
    - glog
    - RCT-Folly (= 2021.04.26.00)
    - React-Core/Default
    - React-cxxreact (= 0.65.3)
    - React-jsi (= 0.65.3)
    - React-jsiexecutor (= 0.65.3)
    - React-perflogger (= 0.65.3)
    - Yoga
  - React-Core/RCTWebSocket (0.65.3):
    - glog
    - RCT-Folly (= 2021.04.26.00)
    - React-Core/Default (= 0.65.3)
    - React-cxxreact (= 0.65.3)
    - React-jsi (= 0.65.3)
    - React-jsiexecutor (= 0.65.3)
    - React-perflogger (= 0.65.3)
    - Yoga
  - React-CoreModules (0.65.3):
    - FBReactNativeSpec (= 0.65.3)
    - RCT-Folly (= 2021.04.26.00)
    - RCTTypeSafety (= 0.65.3)
    - React-Core/CoreModulesHeaders (= 0.65.3)
    - React-jsi (= 0.65.3)
    - React-RCTImage (= 0.65.3)
    - ReactCommon/turbomodule/core (= 0.65.3)
  - React-cxxreact (0.65.3):
    - boost-for-react-native (= 1.63.0)
    - DoubleConversion
    - glog
    - RCT-Folly (= 2021.04.26.00)
    - React-callinvoker (= 0.65.3)
    - React-jsi (= 0.65.3)
    - React-jsinspector (= 0.65.3)
    - React-perflogger (= 0.65.3)
    - React-runtimeexecutor (= 0.65.3)
  - React-jsi (0.65.3):
    - boost-for-react-native (= 1.63.0)
    - DoubleConversion
    - glog
    - RCT-Folly (= 2021.04.26.00)
    - React-jsi/Default (= 0.65.3)
  - React-jsi/Default (0.65.3):
    - boost-for-react-native (= 1.63.0)
    - DoubleConversion
    - glog
    - RCT-Folly (= 2021.04.26.00)
  - React-jsiexecutor (0.65.3):
    - DoubleConversion
    - glog
    - RCT-Folly (= 2021.04.26.00)
    - React-cxxreact (= 0.65.3)
    - React-jsi (= 0.65.3)
    - React-perflogger (= 0.65.3)
  - React-jsinspector (0.65.3)
  - react-native-comms-sdk (3.8.0):
    - React-Core
    - VoxeetSDK (~> 3.8.0)
  - react-native-document-picker (7.1.1):
    - React-Core
  - react-native-safe-area-context (3.3.2):
    - React-Core
  - React-perflogger (0.65.3)
  - React-RCTActionSheet (0.65.3):
    - React-Core/RCTActionSheetHeaders (= 0.65.3)
  - React-RCTAnimation (0.65.3):
    - FBReactNativeSpec (= 0.65.3)
    - RCT-Folly (= 2021.04.26.00)
    - RCTTypeSafety (= 0.65.3)
    - React-Core/RCTAnimationHeaders (= 0.65.3)
    - React-jsi (= 0.65.3)
    - ReactCommon/turbomodule/core (= 0.65.3)
  - React-RCTBlob (0.65.3):
    - FBReactNativeSpec (= 0.65.3)
    - RCT-Folly (= 2021.04.26.00)
    - React-Core/RCTBlobHeaders (= 0.65.3)
    - React-Core/RCTWebSocket (= 0.65.3)
    - React-jsi (= 0.65.3)
    - React-RCTNetwork (= 0.65.3)
    - ReactCommon/turbomodule/core (= 0.65.3)
  - React-RCTImage (0.65.3):
    - FBReactNativeSpec (= 0.65.3)
    - RCT-Folly (= 2021.04.26.00)
    - RCTTypeSafety (= 0.65.3)
    - React-Core/RCTImageHeaders (= 0.65.3)
    - React-jsi (= 0.65.3)
    - React-RCTNetwork (= 0.65.3)
    - ReactCommon/turbomodule/core (= 0.65.3)
  - React-RCTLinking (0.65.3):
    - FBReactNativeSpec (= 0.65.3)
    - React-Core/RCTLinkingHeaders (= 0.65.3)
    - React-jsi (= 0.65.3)
    - ReactCommon/turbomodule/core (= 0.65.3)
  - React-RCTNetwork (0.65.3):
    - FBReactNativeSpec (= 0.65.3)
    - RCT-Folly (= 2021.04.26.00)
    - RCTTypeSafety (= 0.65.3)
    - React-Core/RCTNetworkHeaders (= 0.65.3)
    - React-jsi (= 0.65.3)
    - ReactCommon/turbomodule/core (= 0.65.3)
  - React-RCTSettings (0.65.3):
    - FBReactNativeSpec (= 0.65.3)
    - RCT-Folly (= 2021.04.26.00)
    - RCTTypeSafety (= 0.65.3)
    - React-Core/RCTSettingsHeaders (= 0.65.3)
    - React-jsi (= 0.65.3)
    - ReactCommon/turbomodule/core (= 0.65.3)
  - React-RCTText (0.65.3):
    - React-Core/RCTTextHeaders (= 0.65.3)
  - React-RCTVibration (0.65.3):
    - FBReactNativeSpec (= 0.65.3)
    - RCT-Folly (= 2021.04.26.00)
    - React-Core/RCTVibrationHeaders (= 0.65.3)
    - React-jsi (= 0.65.3)
    - ReactCommon/turbomodule/core (= 0.65.3)
  - React-runtimeexecutor (0.65.3):
    - React-jsi (= 0.65.3)
  - ReactCommon/turbomodule/core (0.65.3):
    - DoubleConversion
    - glog
    - RCT-Folly (= 2021.04.26.00)
    - React-callinvoker (= 0.65.3)
    - React-Core (= 0.65.3)
    - React-cxxreact (= 0.65.3)
    - React-jsi (= 0.65.3)
    - React-perflogger (= 0.65.3)
  - RNCAsyncStorage (1.15.9):
    - React-Core
  - RNGestureHandler (1.10.3):
    - React-Core
  - RNPermissions (3.0.5):
    - React-Core
  - RNReanimated (2.2.2):
    - DoubleConversion
    - FBLazyVector
    - FBReactNativeSpec
    - glog
    - RCT-Folly
    - RCTRequired
    - RCTTypeSafety
    - React
    - React-callinvoker
    - React-Core
    - React-Core/DevSupport
    - React-Core/RCTWebSocket
    - React-CoreModules
    - React-cxxreact
    - React-jsi
    - React-jsiexecutor
    - React-jsinspector
    - React-RCTActionSheet
    - React-RCTAnimation
    - React-RCTBlob
    - React-RCTImage
    - React-RCTLinking
    - React-RCTNetwork
    - React-RCTSettings
    - React-RCTText
    - React-RCTVibration
    - ReactCommon/turbomodule/core
    - Yoga
  - VoxeetSDK (3.8.0)
  - Yoga (1.14.0)

DEPENDENCIES:
  - BVLinearGradient (from `../node_modules/react-native-linear-gradient`)
  - DoubleConversion (from `../node_modules/react-native/third-party-podspecs/DoubleConversion.podspec`)
  - FBLazyVector (from `../node_modules/react-native/Libraries/FBLazyVector`)
  - FBReactNativeSpec (from `../node_modules/react-native/React/FBReactNativeSpec`)
  - glog (from `../node_modules/react-native/third-party-podspecs/glog.podspec`)
  - Permission-Camera (from `../node_modules/react-native-permissions/ios/Camera`)
  - RCT-Folly (from `../node_modules/react-native/third-party-podspecs/RCT-Folly.podspec`)
  - RCTRequired (from `../node_modules/react-native/Libraries/RCTRequired`)
  - RCTTypeSafety (from `../node_modules/react-native/Libraries/TypeSafety`)
  - React (from `../node_modules/react-native/`)
  - React-callinvoker (from `../node_modules/react-native/ReactCommon/callinvoker`)
  - React-Core (from `../node_modules/react-native/`)
  - React-Core/DevSupport (from `../node_modules/react-native/`)
  - React-Core/RCTWebSocket (from `../node_modules/react-native/`)
  - React-CoreModules (from `../node_modules/react-native/React/CoreModules`)
  - React-cxxreact (from `../node_modules/react-native/ReactCommon/cxxreact`)
  - React-jsi (from `../node_modules/react-native/ReactCommon/jsi`)
  - React-jsiexecutor (from `../node_modules/react-native/ReactCommon/jsiexecutor`)
  - React-jsinspector (from `../node_modules/react-native/ReactCommon/jsinspector`)
  - react-native-comms-sdk (from `../..`)
  - react-native-document-picker (from `../node_modules/react-native-document-picker`)
  - react-native-safe-area-context (from `../node_modules/react-native-safe-area-context`)
  - React-perflogger (from `../node_modules/react-native/ReactCommon/reactperflogger`)
  - React-RCTActionSheet (from `../node_modules/react-native/Libraries/ActionSheetIOS`)
  - React-RCTAnimation (from `../node_modules/react-native/Libraries/NativeAnimation`)
  - React-RCTBlob (from `../node_modules/react-native/Libraries/Blob`)
  - React-RCTImage (from `../node_modules/react-native/Libraries/Image`)
  - React-RCTLinking (from `../node_modules/react-native/Libraries/LinkingIOS`)
  - React-RCTNetwork (from `../node_modules/react-native/Libraries/Network`)
  - React-RCTSettings (from `../node_modules/react-native/Libraries/Settings`)
  - React-RCTText (from `../node_modules/react-native/Libraries/Text`)
  - React-RCTVibration (from `../node_modules/react-native/Libraries/Vibration`)
  - React-runtimeexecutor (from `../node_modules/react-native/ReactCommon/runtimeexecutor`)
  - ReactCommon/turbomodule/core (from `../node_modules/react-native/ReactCommon`)
  - "RNCAsyncStorage (from `../node_modules/@react-native-async-storage/async-storage`)"
  - RNGestureHandler (from `../node_modules/react-native-gesture-handler`)
  - RNPermissions (from `../node_modules/react-native-permissions`)
  - RNReanimated (from `../node_modules/react-native-reanimated`)
  - Yoga (from `../node_modules/react-native/ReactCommon/yoga`)

SPEC REPOS:
  trunk:
    - boost-for-react-native
    - fmt
    - VoxeetSDK

EXTERNAL SOURCES:
  BVLinearGradient:
    :path: "../node_modules/react-native-linear-gradient"
  DoubleConversion:
    :podspec: "../node_modules/react-native/third-party-podspecs/DoubleConversion.podspec"
  FBLazyVector:
    :path: "../node_modules/react-native/Libraries/FBLazyVector"
  FBReactNativeSpec:
    :path: "../node_modules/react-native/React/FBReactNativeSpec"
  glog:
    :podspec: "../node_modules/react-native/third-party-podspecs/glog.podspec"
  Permission-Camera:
    :path: "../node_modules/react-native-permissions/ios/Camera"
  RCT-Folly:
    :podspec: "../node_modules/react-native/third-party-podspecs/RCT-Folly.podspec"
  RCTRequired:
    :path: "../node_modules/react-native/Libraries/RCTRequired"
  RCTTypeSafety:
    :path: "../node_modules/react-native/Libraries/TypeSafety"
  React:
    :path: "../node_modules/react-native/"
  React-callinvoker:
    :path: "../node_modules/react-native/ReactCommon/callinvoker"
  React-Core:
    :path: "../node_modules/react-native/"
  React-CoreModules:
    :path: "../node_modules/react-native/React/CoreModules"
  React-cxxreact:
    :path: "../node_modules/react-native/ReactCommon/cxxreact"
  React-jsi:
    :path: "../node_modules/react-native/ReactCommon/jsi"
  React-jsiexecutor:
    :path: "../node_modules/react-native/ReactCommon/jsiexecutor"
  React-jsinspector:
    :path: "../node_modules/react-native/ReactCommon/jsinspector"
  react-native-comms-sdk:
    :path: "../.."
  react-native-document-picker:
    :path: "../node_modules/react-native-document-picker"
  react-native-safe-area-context:
    :path: "../node_modules/react-native-safe-area-context"
  React-perflogger:
    :path: "../node_modules/react-native/ReactCommon/reactperflogger"
  React-RCTActionSheet:
    :path: "../node_modules/react-native/Libraries/ActionSheetIOS"
  React-RCTAnimation:
    :path: "../node_modules/react-native/Libraries/NativeAnimation"
  React-RCTBlob:
    :path: "../node_modules/react-native/Libraries/Blob"
  React-RCTImage:
    :path: "../node_modules/react-native/Libraries/Image"
  React-RCTLinking:
    :path: "../node_modules/react-native/Libraries/LinkingIOS"
  React-RCTNetwork:
    :path: "../node_modules/react-native/Libraries/Network"
  React-RCTSettings:
    :path: "../node_modules/react-native/Libraries/Settings"
  React-RCTText:
    :path: "../node_modules/react-native/Libraries/Text"
  React-RCTVibration:
    :path: "../node_modules/react-native/Libraries/Vibration"
  React-runtimeexecutor:
    :path: "../node_modules/react-native/ReactCommon/runtimeexecutor"
  ReactCommon:
    :path: "../node_modules/react-native/ReactCommon"
  RNCAsyncStorage:
    :path: "../node_modules/@react-native-async-storage/async-storage"
  RNGestureHandler:
    :path: "../node_modules/react-native-gesture-handler"
  RNPermissions:
    :path: "../node_modules/react-native-permissions"
  RNReanimated:
    :path: "../node_modules/react-native-reanimated"
  Yoga:
    :path: "../node_modules/react-native/ReactCommon/yoga"

SPEC CHECKSUMS:
  boost-for-react-native: 39c7adb57c4e60d6c5479dd8623128eb5b3f0f2c
  BVLinearGradient: e3aad03778a456d77928f594a649e96995f1c872
  DoubleConversion: 831926d9b8bf8166fd87886c4abab286c2422662
  FBLazyVector: 0e9e33e0ea8988b63afab6d0de48a439ef7f38a5
  FBReactNativeSpec: 361d07f694bc5962407333de9140034e8fd5be52
  fmt: ff9d55029c625d3757ed641535fd4a75fedc7ce9
  glog: 5337263514dd6f09803962437687240c5dc39aa4
  Permission-Camera: ac603073e4128e51e6ca3c39129778f05b4082fa
  RCT-Folly: 0dd9e1eb86348ecab5ba76f910b56f4b5fef3c46
  RCTRequired: 655e18b89b599c17ee55d288359f96d5600c9004
  RCTTypeSafety: 6eb5f6ebeac6a9e448d1c8a802a48a4e8ffce178
  React: d28999caca83846964d5ba42a76d2b477502aa88
  React-callinvoker: fef7210edb8bc0900cd04dcf3f27c4c1da2b54eb
  React-Core: c67cde24c57654c3712faa5a94b78159a7dc0372
  React-CoreModules: fefae9f3eeafec2521a6b97b4108652cc43e7858
  React-cxxreact: 04436f72ab795df356f038f55c38b49435a70f9a
  React-jsi: 0ab20c9070bc28cd99a200e826ce7cf46e8f5b26
  React-jsiexecutor: d7540b187f30f45281ece995f19dde143e3afff3
  React-jsinspector: 94bbad998be4efbdac7d6d152677bdd134c1c980
  react-native-comms-sdk: dac394af5ca49ff536484b1da5901f98b3aaf331
  react-native-document-picker: f4cc4df2eff8c9015d862a59bdaef11a153f1292
  react-native-safe-area-context: 584dc04881deb49474363f3be89e4ca0e854c057
  React-perflogger: f8205b59ccf68dbe4184e71ac7b4db55ea0c8965
  React-RCTActionSheet: 67b50ddfccbc123dcc7574475e4fdc911cc601d7
  React-RCTAnimation: 3b998b2da94bc3f74c8d8e98b3181e20678a0ca7
  React-RCTBlob: 56bba0f20fcc698f085506a4746bee94c2ce7814
  React-RCTImage: ab60c724f4d72a084a02937dffab1b399dac1a71
  React-RCTLinking: 0cd026062d693155697128c89fdd06c6bd86cc55
  React-RCTNetwork: af0c7e6a1d7b7496e0752de2e5be983fa0ea9e84
  React-RCTSettings: 27f1a529b7db16f25d3a8f6a215012f4dcb0846a
  React-RCTText: a1f88c670ca99e5d173059cc871ff03d565c2be4
  React-RCTVibration: a19175b1a97cbad173a032a5d089ec5784b2bac3
  React-runtimeexecutor: 5ebf1c985947ea684140fe8431b5b4921c2960c1
  ReactCommon: 3a88b42affa0809e2524f978700a22841b04a421
  RNCAsyncStorage: 26f25150da507524a7815f2ada06ca0967f65633
  RNGestureHandler: a479ebd5ed4221a810967000735517df0d2db211
  RNPermissions: 7043bacbf928eae25808275cfe73799b8f618911
  RNReanimated: ad24db8af24e3fe1b5c462785bc3db8d5baae2ee
  VoxeetSDK: b2efa65652c4070ec4474b25ab0b8e5b2a393ad2
  Yoga: 8ae716bf8b654fac1c7be1ac81376041837acb2c

PODFILE CHECKSUM: ec4a937f6298fa77356754ad5e6a197f4856de29

COCOAPODS: 1.11.3
