{
  "pins" : [
    {
      "identity" : "voxeet-screensharekit-ios",
      "kind" : "remoteSourceControl",
      "location" : "https://github.com/voxeet/voxeet-screensharekit-ios",
      "state" : {
        "revision" : "bea5d9b45fade4f637d27c8136825ec7572c02ce",
        "version" : "1.0.13"
      }
    }
  ],
  "version" : 2
}
